
Microsoft Visual Studio Solution File, Format Version 12.00
# Visual Studio 2013
VisualStudioVersion = 12.0.30723.0
MinimumVisualStudioVersion = 10.0.40219.1
Project("{FAE04EC0-301F-11D3-BF4B-00C04F79EFBC}") = "ConsoleApplication31", "ConsoleApplication31\ConsoleApplication31.csproj", "{E1B8A800-0E17-4B7A-B2F2-45004C5ED19B}"
EndProject
Global
	GlobalSection(SolutionConfigurationPlatforms) = preSolution
		Debug|Any CPU = Debug|Any CPU
		Release|Any CPU = Release|Any CPU
	EndGlobalSection
	GlobalSection(ProjectConfigurationPlatforms) = postSolution
		{E1B8A800-0E17-4B7A-B2F2-45004C5ED19B}.Debug|Any CPU.ActiveCfg = Debug|Any CPU
		{E1B8A800-0E17-4B7A-B2F2-45004C5ED19B}.Debug|Any CPU.Build.0 = Debug|Any CPU
		{E1B8A800-0E17-4B7A-B2F2-45004C5ED19B}.Release|Any CPU.ActiveCfg = Release|Any CPU
		{E1B8A800-0E17-4B7A-B2F2-45004C5ED19B}.Release|Any CPU.Build.0 = Release|Any CPU
	EndGlobalSection
	GlobalSection(SolutionProperties) = preSolution
		HideSolutionNode = FALSE
	EndGlobalSection
EndGlobal
